{
  "requires": true,
  "lockfileVersion": 1,
  "dependencies": {
    "types-registry": {
      "version": "0.1.689",
      "resolved": "https://registry.npmjs.org/types-registry/-/types-registry-0.1.689.tgz",
      "integrity": "sha512-o66v+5r6AkuV8cT2eD9yI6UJhKh6P1aw1Wi9IvGGTuT1bdjpd4wmsvoiScFJwZpQCHmoH91I74agTsgHh1PWpQ=="
    }
  }
}
